// !$*UTF8*$!
{
	archiveVersion = 1;
	classes = {
	};
	objectVersion = 46;
	objects = {

/* Begin PBXBuildFile section */
		13B507101947AE3B00BDF98D /* main.m in Sources */ = {isa = PBXBuildFile; fileRef = 13B5070F1947AE3B00BDF98D /* main.m */; };
		13B507131947AE3B00BDF98D /* AppDelegate.m in Sources */ = {isa = PBXBuildFile; fileRef = 13B507121947AE3B00BDF98D /* AppDelegate.m */; };
		13B507161947AE3B00BDF98D /* ViewController.m in Sources */ = {isa = PBXBuildFile; fileRef = 13B507151947AE3B00BDF98D /* ViewController.m */; };
		13B507191947AE3B00BDF98D /* Main.storyboard in Resources */ = {isa = PBXBuildFile; fileRef = 13B507171947AE3B00BDF98D /* Main.storyboard */; };
		13B5071B1947AE3B00BDF98D /* Images.xcassets in Resources */ = {isa = PBXBuildFile; fileRef = 13B5071A1947AE3B00BDF98D /* Images.xcassets */; };
		13B507271947AE3B00BDF98D /* rest_objcTests.m in Sources */ = {isa = PBXBuildFile; fileRef = 13B507261947AE3B00BDF98D /* rest_objcTests.m */; };
		13B507321947AE5900BDF98D /* HTTPService.m in Sources */ = {isa = PBXBuildFile; fileRef = 13B507311947AE5900BDF98D /* HTTPService.m */; };
		13FD06121947B61E0035B342 /* MapKit.framework in Frameworks */ = {isa = PBXBuildFile; fileRef = 13FD06111947B61E0035B342 /* MapKit.framework */; };
/* End PBXBuildFile section */

/* Begin PBXContainerItemProxy section */
		13B507211947AE3B00BDF98D /* PBXContainerItemProxy */ = {
			isa = PBXContainerItemProxy;
			containerPortal = 13B507021947AE3B00BDF98D /* Project object */;
			proxyType = 1;
			remoteGlobalIDString = 13B507091947AE3B00BDF98D;
			remoteInfo = rest_objc;
		};
/* End PBXContainerItemProxy section */

/* Begin PBXFileReference section */
		13B5070A1947AE3B00BDF98D /* rest_objc.app */ = {isa = PBXFileReference; explicitFileType = wrapper.application; includeInIndex = 0; path = rest_objc.app; sourceTree = BUILT_PRODUCTS_DIR; };
		13B5070E1947AE3B00BDF98D /* Info.plist */ = {isa = PBXFileReference; lastKnownFileType = text.plist.xml; path = Info.plist; sourceTree = "<group>"; };
		13B5070F1947AE3B00BDF98D /* main.m */ = {isa = PBXFileReference; lastKnownFileType = sourcecode.c.objc; path = main.m; sourceTree = "<group>"; };
		13B507111947AE3B00BDF98D /* AppDelegate.h */ = {isa = PBXFileReference; lastKnownFileType = sourcecode.c.h; path = AppDelegate.h; sourceTree = "<group>"; };
		13B507121947AE3B00BDF98D /* AppDelegate.m */ = {isa = PBXFileReference; lastKnownFileType = sourcecode.c.objc; path = AppDelegate.m; sourceTree = "<group>"; };
		13B507141947AE3B00BDF98D /* ViewController.h */ = {isa = PBXFileReference; lastKnownFileType = sourcecode.c.h; path = ViewController.h; sourceTree = "<group>"; };
		13B507151947AE3B00BDF98D /* ViewController.m */ = {isa = PBXFileReference; lastKnownFileType = sourcecode.c.objc; path = ViewController.m; sourceTree = "<group>"; };
		13B507181947AE3B00BDF98D /* Base */ = {isa = PBXFileReference; lastKnownFileType = file.storyboard; name = Base; path = Base.lproj/Main.storyboard; sourceTree = "<group>"; };
		13B5071A1947AE3B00BDF98D /* Images.xcassets */ = {isa = PBXFileReference; lastKnownFileType = folder.assetcatalog; path = Images.xcassets; sourceTree = "<group>"; };
		13B507201947AE3B00BDF98D /* rest_objcTests.xctest */ = {isa = PBXFileReference; explicitFileType = wrapper.cfbundle; includeInIndex = 0; path = rest_objcTests.xctest; sourceTree = BUILT_PRODUCTS_DIR; };
		13B507251947AE3B00BDF98D /* Info.plist */ = {isa = PBXFileReference; lastKnownFileType = text.plist.xml; path = Info.plist; sourceTree = "<group>"; };
		13B507261947AE3B00BDF98D /* rest_objcTests.m */ = {isa = PBXFileReference; lastKnownFileType = sourcecode.c.objc; path = rest_objcTests.m; sourceTree = "<group>"; };
		13B507301947AE5900BDF98D /* HTTPService.h */ = {isa = PBXFileReference; fileEncoding = 4; lastKnownFileType = sourcecode.c.h; path = HTTPService.h; sourceTree = "<group>"; };
		13B507311947AE5900BDF98D /* HTTPService.m */ = {isa = PBXFileReference; fileEncoding = 4; lastKnownFileType = sourcecode.c.objc; path = HTTPService.m; sourceTree = "<group>"; };
		13FD06111947B61E0035B342 /* MapKit.framework */ = {isa = PBXFileReference; lastKnownFileType = wrapper.framework; name = MapKit.framework; path = System/Library/Frameworks/MapKit.framework; sourceTree = SDKROOT; };
/* End PBXFileReference section */

/* Begin PBXFrameworksBuildPhase section */
		13B507071947AE3B00BDF98D /* Frameworks */ = {
			isa = PBXFrameworksBuildPhase;
			buildActionMask = 2147483647;
			files = (
				13FD06121947B61E0035B342 /* MapKit.framework in Frameworks */,
			);
			runOnlyForDeploymentPostprocessing = 0;
		};
		13B5071D1947AE3B00BDF98D /* Frameworks */ = {
			isa = PBXFrameworksBuildPhase;
			buildActionMask = 2147483647;
			files = (
			);
			runOnlyForDeploymentPostprocessing = 0;
		};
/* End PBXFrameworksBuildPhase section */

/* Begin PBXGroup section */
		13B507011947AE3B00BDF98D = {
			isa = PBXGroup;
			children = (
				13FD06111947B61E0035B342 /* MapKit.framework */,
				13B5070C1947AE3B00BDF98D /* rest_objc */,
				13B507231947AE3B00BDF98D /* rest_objcTests */,
				13B5070B1947AE3B00BDF98D /* Products */,
			);
			sourceTree = "<group>";
		};
		13B5070B1947AE3B00BDF98D /* Products */ = {
			isa = PBXGroup;
			children = (
				13B5070A1947AE3B00BDF98D /* rest_objc.app */,
				13B507201947AE3B00BDF98D /* rest_objcTests.xctest */,
			);
			name = Products;
			sourceTree = "<group>";
		};
		13B5070C1947AE3B00BDF98D /* rest_objc */ = {
			isa = PBXGroup;
			children = (
				13B507111947AE3B00BDF98D /* AppDelegate.h */,
				13B507121947AE3B00BDF98D /* AppDelegate.m */,
				13B507141947AE3B00BDF98D /* ViewController.h */,
				13B507151947AE3B00BDF98D /* ViewController.m */,
				13B507301947AE5900BDF98D /* HTTPService.h */,
				13B507311947AE5900BDF98D /* HTTPService.m */,
				13B507171947AE3B00BDF98D /* Main.storyboard */,
				13B5071A1947AE3B00BDF98D /* Images.xcassets */,
				13B5070D1947AE3B00BDF98D /* Supporting Files */,
			);
			path = rest_objc;
			sourceTree = "<group>";
		};
		13B5070D1947AE3B00BDF98D /* Supporting Files */ = {
			isa = PBXGroup;
			children = (
				13B5070E1947AE3B00BDF98D /* Info.plist */,
				13B5070F1947AE3B00BDF98D /* main.m */,
			);
			name = "Supporting Files";
			sourceTree = "<group>";
		};
		13B507231947AE3B00BDF98D /* rest_objcTests */ = {
			isa = PBXGroup;
			children = (
				13B507261947AE3B00BDF98D /* rest_objcTests.m */,
				13B507241947AE3B00BDF98D /* Supporting Files */,
			);
			path = rest_objcTests;
			sourceTree = "<group>";
		};
		13B507241947AE3B00BDF98D /* Supporting Files */ = {
			isa = PBXGroup;
			children = (
				13B507251947AE3B00BDF98D /* Info.plist */,
			);
			name = "Supporting Files";
			sourceTree = "<group>";
		};
/* End PBXGroup section */

/* Begin PBXNativeTarget section */
		13B507091947AE3B00BDF98D /* rest_objc */ = {
			isa = PBXNativeTarget;
			buildConfigurationList = 13B5072A1947AE3B00BDF98D /* Build configuration list for PBXNativeTarget "rest_objc" */;
			buildPhases = (
				13B507061947AE3B00BDF98D /* Sources */,
				13B507071947AE3B00BDF98D /* Frameworks */,
				13B507081947AE3B00BDF98D /* Resources */,
			);
			buildRules = (
			);
			dependencies = (
			);
			name = rest_objc;
			productName = rest_objc;
			productReference = 13B5070A1947AE3B00BDF98D /* rest_objc.app */;
			productType = "com.apple.product-type.application";
		};
		13B5071F1947AE3B00BDF98D /* rest_objcTests */ = {
			isa = PBXNativeTarget;
			buildConfigurationList = 13B5072D1947AE3B00BDF98D /* Build configuration list for PBXNativeTarget "rest_objcTests" */;
			buildPhases = (
				13B5071C1947AE3B00BDF98D /* Sources */,
				13B5071D1947AE3B00BDF98D /* Frameworks */,
				13B5071E1947AE3B00BDF98D /* Resources */,
			);
			buildRules = (
			);
			dependencies = (
				13B507221947AE3B00BDF98D /* PBXTargetDependency */,
			);
			name = rest_objcTests;
			productName = rest_objcTests;
			productReference = 13B507201947AE3B00BDF98D /* rest_objcTests.xctest */;
			productType = "com.apple.product-type.bundle.unit-test";
		};
/* End PBXNativeTarget section */

/* Begin PBXProject section */
		13B507021947AE3B00BDF98D /* Project object */ = {
			isa = PBXProject;
			attributes = {
				LastUpgradeCheck = 0600;
				ORGANIZATIONNAME = "Patrick McConnell";
				TargetAttributes = {
					13B507091947AE3B00BDF98D = {
						CreatedOnToolsVersion = 6.0;
					};
					13B5071F1947AE3B00BDF98D = {
						CreatedOnToolsVersion = 6.0;
						TestTargetID = 13B507091947AE3B00BDF98D;
					};
				};
			};
			buildConfigurationList = 13B507051947AE3B00BDF98D /* Build configuration list for PBXProject "rest_objc" */;
			compatibilityVersion = "Xcode 3.2";
			developmentRegion = English;
			hasScannedForEncodings = 0;
			knownRegions = (
				en,
				Base,
			);
			mainGroup = 13B507011947AE3B00BDF98D;
			productRefGroup = 13B5070B1947AE3B00BDF98D /* Products */;
			projectDirPath = "";
			projectRoot = "";
			targets = (
				13B507091947AE3B00BDF98D /* rest_objc */,
				13B5071F1947AE3B00BDF98D /* rest_objcTests */,
			);
		};
/* End PBXProject section */

/* Begin PBXResourcesBuildPhase section */
		13B507081947AE3B00BDF98D /* Resources */ = {
			isa = PBXResourcesBuildPhase;
			buildActionMask = 2147483647;
			files = (
				13B507191947AE3B00BDF98D /* Main.storyboard in Resources */,
				13B5071B1947AE3B00BDF98D /* Images.xcassets in Resources */,
			);
			runOnlyForDeploymentPostprocessing = 0;
		};
		13B5071E1947AE3B00BDF98D /* Resources */ = {
			isa = PBXResourcesBuildPhase;
			buildActionMask = 2147483647;
			files = (
			);
			runOnlyForDeploymentPostprocessing = 0;
		};
/* End PBXResourcesBuildPhase section */

/* Begin PBXSourcesBuildPhase section */
		13B507061947AE3B00BDF98D /* Sources */ = {
			isa = PBXSourcesBuildPhase;
			buildActionMask = 2147483647;
			files = (
				13B507161947AE3B00BDF98D /* ViewController.m in Sources */,
				13B507321947AE5900BDF98D /* HTTPService.m in Sources */,
				13B507131947AE3B00BDF98D /* AppDelegate.m in Sources */,
				13B507101947AE3B00BDF98D /* main.m in Sources */,
			);
			runOnlyForDeploymentPostprocessing = 0;
		};
		13B5071C1947AE3B00BDF98D /* Sources */ = {
			isa = PBXSourcesBuildPhase;
			buildActionMask = 2147483647;
			files = (
				13B507271947AE3B00BDF98D /* rest_objcTests.m in Sources */,
			);
			runOnlyForDeploymentPostprocessing = 0;
		};
/* End PBXSourcesBuildPhase section */

/* Begin PBXTargetDependency section */
		13B507221947AE3B00BDF98D /* PBXTargetDependency */ = {
			isa = PBXTargetDependency;
			target = 13B507091947AE3B00BDF98D /* rest_objc */;
			targetProxy = 13B507211947AE3B00BDF98D /* PBXContainerItemProxy */;
		};
/* End PBXTargetDependency section */

/* Begin PBXVariantGroup section */
		13B507171947AE3B00BDF98D /* Main.storyboard */ = {
			isa = PBXVariantGroup;
			children = (
				13B507181947AE3B00BDF98D /* Base */,
			);
			name = Main.storyboard;
			sourceTree = "<group>";
		};
/* End PBXVariantGroup section */

/* Begin XCBuildConfiguration section */
		13B507281947AE3B00BDF98D /* Debug */ = {
			isa = XCBuildConfiguration;
			buildSettings = {
				ALWAYS_SEARCH_USER_PATHS = NO;
				CLANG_CXX_LANGUAGE_STANDARD = "gnu++0x";
				CLANG_CXX_LIBRARY = "libc++";
				CLANG_ENABLE_MODULES = YES;
				CLANG_ENABLE_OBJC_ARC = YES;
				CLANG_WARN_BOOL_CONVERSION = YES;
				CLANG_WARN_CONSTANT_CONVERSION = YES;
				CLANG_WARN_DIRECT_OBJC_ISA_USAGE = YES_ERROR;
				CLANG_WARN_EMPTY_BODY = YES;
				CLANG_WARN_ENUM_CONVERSION = YES;
				CLANG_WARN_INT_CONVERSION = YES;
				CLANG_WARN_OBJC_ROOT_CLASS = YES_ERROR;
				CLANG_WARN_UNREACHABLE_CODE = YES;
				CLANG_WARN__DUPLICATE_METHOD_MATCH = YES;
				"CODE_SIGN_IDENTITY[sdk=iphoneos*]" = "iPhone Developer";
				COPY_PHASE_STRIP = NO;
				ENABLE_STRICT_OBJC_MSGSEND = YES;
				GCC_C_LANGUAGE_STANDARD = gnu99;
				GCC_DYNAMIC_NO_PIC = NO;
				GCC_OPTIMIZATION_LEVEL = 0;
				GCC_PREPROCESSOR_DEFINITIONS = (
					"DEBUG=1",
					"$(inherited)",
				);
				GCC_SYMBOLS_PRIVATE_EXTERN = NO;
				GCC_WARN_64_TO_32_BIT_CONVERSION = YES;
				GCC_WARN_ABOUT_RETURN_TYPE = YES_ERROR;
				GCC_WARN_UNDECLARED_SELECTOR = YES;
				GCC_WARN_UNINITIALIZED_AUTOS = YES_AGGRESSIVE;
				GCC_WARN_UNUSED_FUNCTION = YES;
				GCC_WARN_UNUSED_VARIABLE = YES;
				IPHONEOS_DEPLOYMENT_TARGET = 7.1;
				METAL_ENABLE_DEBUG_INFO = YES;
				ONLY_ACTIVE_ARCH = YES;
				SDKROOT = iphoneos;
				TARGETED_DEVICE_FAMILY = "1,2";
			};
			name = Debug;
		};
		13B507291947AE3B00BDF98D /* Release */ = {
			isa = XCBuildConfiguration;
			buildSettings = {
				ALWAYS_SEARCH_USER_PATHS = NO;
				CLANG_CXX_LANGUAGE_STANDARD = "gnu++0x";
				CLANG_CXX_LIBRARY = "libc++";
				CLANG_ENABLE_MODULES = YES;
				CLANG_ENABLE_OBJC_ARC = YES;
				CLANG_WARN_BOOL_CONVERSION = YES;
				CLANG_WARN_CONSTANT_CONVERSION = YES;
				CLANG_WARN_DIRECT_OBJC_ISA_USAGE = YES_ERROR;
				CLANG_WARN_EMPTY_BODY = YES;
				CLANG_WARN_ENUM_CONVERSION = YES;
				CLANG_WARN_INT_CONVERSION = YES;
				CLANG_WARN_OBJC_ROOT_CLASS = YES_ERROR;
				CLANG_WARN_UNREACHABLE_CODE = YES;
				CLANG_WARN__DUPLICATE_METHOD_MATCH = YES;
				"CODE_SIGN_IDENTITY[sdk=iphoneos*]" = "iPhone Developer";
				COPY_PHASE_STRIP = YES;
				ENABLE_NS_ASSERTIONS = NO;
				ENABLE_STRICT_OBJC_MSGSEND = YES;
				GCC_C_LANGUAGE_STANDARD = gnu99;
				GCC_WARN_64_TO_32_BIT_CONVERSION = YES;
				GCC_WARN_ABOUT_RETURN_TYPE = YES_ERROR;
				GCC_WARN_UNDECLARED_SELECTOR = YES;
				GCC_WARN_UNINITIALIZED_AUTOS = YES_AGGRESSIVE;
				GCC_WARN_UNUSED_FUNCTION = YES;
				GCC_WARN_UNUSED_VARIABLE = YES;
				IPHONEOS_DEPLOYMENT_TARGET = 7.1;
				METAL_ENABLE_DEBUG_INFO = NO;
				SDKROOT = iphoneos;
				TARGETED_DEVICE_FAMILY = "1,2";
				VALIDATE_PRODUCT = YES;
			};
			name = Release;
		};
		13B5072B1947AE3B00BDF98D /* Debug */ = {
			isa = XCBuildConfiguration;
			buildSettings = {
				ASSETCATALOG_COMPILER_APPICON_NAME = AppIcon;
				ASSETCATALOG_COMPILER_LAUNCHIMAGE_NAME = LaunchImage;
				INFOPLIST_FILE = rest_objc/Info.plist;
				IPHONEOS_DEPLOYMENT_TARGET = 8.0;
				LD_RUNPATH_SEARCH_PATHS = "$(inherited) @executable_path/Frameworks";
				PRODUCT_NAME = "$(TARGET_NAME)";
			};
			name = Debug;
		};
		13B5072C1947AE3B00BDF98D /* Release */ = {
			isa = XCBuildConfiguration;
			buildSettings = {
				ASSETCATALOG_COMPILER_APPICON_NAME = AppIcon;
				ASSETCATALOG_COMPILER_LAUNCHIMAGE_NAME = LaunchImage;
				INFOPLIST_FILE = rest_objc/Info.plist;
				IPHONEOS_DEPLOYMENT_TARGET = 8.0;
				LD_RUNPATH_SEARCH_PATHS = "$(inherited) @executable_path/Frameworks";
				PRODUCT_NAME = "$(TARGET_NAME)";
			};
			name = Release;
		};
		13B5072E1947AE3B00BDF98D /* Debug */ = {
			isa = XCBuildConfiguration;
			buildSettings = {
				BUNDLE_LOADER = "$(BUILT_PRODUCTS_DIR)/rest_objc.app/rest_objc";
				FRAMEWORK_SEARCH_PATHS = (
					"$(SDKROOT)/Developer/Library/Frameworks",
					"$(inherited)",
				);
				GCC_PREPROCESSOR_DEFINITIONS = (
					"DEBUG=1",
					"$(inherited)",
				);
				INFOPLIST_FILE = rest_objcTests/Info.plist;
				LD_RUNPATH_SEARCH_PATHS = "$(inherited) @executable_path/Frameworks @loader_path/Frameworks";
				METAL_ENABLE_DEBUG_INFO = YES;
				PRODUCT_NAME = "$(TARGET_NAME)";
				TEST_HOST = "$(BUNDLE_LOADER)";
			};
			name = Debug;
		};
		13B5072F1947AE3B00BDF98D /* Release */ = {
			isa = XCBuildConfiguration;
			buildSettings = {
				BUNDLE_LOADER = "$(BUILT_PRODUCTS_DIR)/rest_objc.app/rest_objc";
				FRAMEWORK_SEARCH_PATHS = (
					"$(SDKROOT)/Developer/Library/Frameworks",
					"$(inherited)",
				);
				INFOPLIST_FILE = rest_objcTests/Info.plist;
				LD_RUNPATH_SEARCH_PATHS = "$(inherited) @executable_path/Frameworks @loader_path/Frameworks";
				METAL_ENABLE_DEBUG_INFO = NO;
				PRODUCT_NAME = "$(TARGET_NAME)";
				TEST_HOST = "$(BUNDLE_LOADER)";
			};
			name = Release;
		};
/* End XCBuildConfiguration section */

/* Begin XCConfigurationList section */
		13B507051947AE3B00BDF98D /* Build configuration list for PBXProject "rest_objc" */ = {
			isa = XCConfigurationList;
			buildConfigurations = (
				13B507281947AE3B00BDF98D /* Debug */,
				13B507291947AE3B00BDF98D /* Release */,
			);
			defaultConfigurationIsVisible = 0;
			defaultConfigurationName = Release;
		};
		13B5072A1947AE3B00BDF98D /* Build configuration list for PBXNativeTarget "rest_objc" */ = {
			isa = XCConfigurationList;
			buildConfigurations = (
				13B5072B1947AE3B00BDF98D /* Debug */,
				13B5072C1947AE3B00BDF98D /* Release */,
			);
			defaultConfigurationIsVisible = 0;
			defaultConfigurationName = Release;
		};
		13B5072D1947AE3B00BDF98D /* Build configuration list for PBXNativeTarget "rest_objcTests" */ = {
			isa = XCConfigurationList;
			buildConfigurations = (
				13B5072E1947AE3B00BDF98D /* Debug */,
				13B5072F1947AE3B00BDF98D /* Release */,
			);
			defaultConfigurationIsVisible = 0;
			defaultConfigurationName = Release;
		};
/* End XCConfigurationList section */
	};
	rootObject = 13B507021947AE3B00BDF98D /* Project object */;
}
